
Microsoft Visual Studio Solution File, Format Version 12.00
# Visual Studio Version 16
VisualStudioVersion = 16.0.30320.27
MinimumVisualStudioVersion = 10.0.40219.1
Project("{888888A0-9F3D-457C-B088-3A5042F75D52}") = "ScoreReader", "ScoreReader.pyproj", "{67EC1CC2-4B77-4FA6-8587-333382F2E532}"
EndProject
Global
	GlobalSection(SolutionConfigurationPlatforms) = preSolution
		Debug|Any CPU = Debug|Any CPU
		Release|Any CPU = Release|Any CPU
	EndGlobalSection
	GlobalSection(ProjectConfigurationPlatforms) = postSolution
		{67EC1CC2-4B77-4FA6-8587-333382F2E532}.Debug|Any CPU.ActiveCfg = Debug|Any CPU
		{67EC1CC2-4B77-4FA6-8587-333382F2E532}.Release|Any CPU.ActiveCfg = Release|Any CPU
	EndGlobalSection
	GlobalSection(SolutionProperties) = preSolution
		HideSolutionNode = FALSE
	EndGlobalSection
	GlobalSection(ExtensibilityGlobals) = postSolution
		SolutionGuid = {249E7A7E-D1F3-45E4-B0EB-55EFFA56A34C}
	EndGlobalSection
EndGlobal
